// !$*UTF8*$!
{
	archiveVersion = 1;
	classes = {
	};
	objectVersion = 55;
	objects = {

/* Begin PBXBuildFile section */
		6C25B58D28D89DA100395FBB /* LogoView.swift in Sources */ = {isa = PBXBuildFile; fileRef = 6C25B58C28D89DA100395FBB /* LogoView.swift */; };
		6C25B58F28D8AB0B00395FBB /* PlayerModel.swift in Sources */ = {isa = PBXBuildFile; fileRef = 6C25B58E28D8AB0B00395FBB /* PlayerModel.swift */; };
		6C25B59128D8ABD000395FBB /* CodableBundleExtension.swift in Sources */ = {isa = PBXBuildFile; fileRef = 6C25B59028D8ABD000395FBB /* CodableBundleExtension.swift */; };
		6C25B59328D8AF8D00395FBB /* FeaturedItemView.swift in Sources */ = {isa = PBXBuildFile; fileRef = 6C25B59228D8AF8D00395FBB /* FeaturedItemView.swift */; };
		6C25B59528D8B17800395FBB /* FeaturedTabView.swift in Sources */ = {isa = PBXBuildFile; fileRef = 6C25B59428D8B17800395FBB /* FeaturedTabView.swift */; };
		6C602ACA2833D4CC004AA17E /* FooterView.swift in Sources */ = {isa = PBXBuildFile; fileRef = 6C602AC92833D4CC004AA17E /* FooterView.swift */; };
		6C602ACC2833DD1A004AA17E /* NavigationBarView.swift in Sources */ = {isa = PBXBuildFile; fileRef = 6C602ACB2833DD1A004AA17E /* NavigationBarView.swift */; };
		6C9DAA5C28DA079400930B84 /* CategoryModel.swift in Sources */ = {isa = PBXBuildFile; fileRef = 6C9DAA5B28DA079400930B84 /* CategoryModel.swift */; };
		6C9DAA5E28DA097D00930B84 /* CategoryItemView.swift in Sources */ = {isa = PBXBuildFile; fileRef = 6C9DAA5D28DA097D00930B84 /* CategoryItemView.swift */; };
		6C9DAA6028DA0D1000930B84 /* CategoryGridView.swift in Sources */ = {isa = PBXBuildFile; fileRef = 6C9DAA5F28DA0D1000930B84 /* CategoryGridView.swift */; };
		6C9DAA6228DA101C00930B84 /* SectionView.swift in Sources */ = {isa = PBXBuildFile; fileRef = 6C9DAA6128DA101C00930B84 /* SectionView.swift */; };
		6CA515FA27BCDF1B00B4E4D0 /* shopyApp.swift in Sources */ = {isa = PBXBuildFile; fileRef = 6CA515F927BCDF1B00B4E4D0 /* shopyApp.swift */; };
		6CA515FC27BCDF1B00B4E4D0 /* ContentView.swift in Sources */ = {isa = PBXBuildFile; fileRef = 6CA515FB27BCDF1B00B4E4D0 /* ContentView.swift */; };
		6CA515FE27BCDF1C00B4E4D0 /* Assets.xcassets in Resources */ = {isa = PBXBuildFile; fileRef = 6CA515FD27BCDF1C00B4E4D0 /* Assets.xcassets */; };
		6CA5160127BCDF1C00B4E4D0 /* Preview Assets.xcassets in Resources */ = {isa = PBXBuildFile; fileRef = 6CA5160027BCDF1C00B4E4D0 /* Preview Assets.xcassets */; };
		6CA5160B27BCE56700B4E4D0 /* category.json in Resources */ = {isa = PBXBuildFile; fileRef = 6CA5160727BCE56700B4E4D0 /* category.json */; };
		6CA5160C27BCE56700B4E4D0 /* brand.json in Resources */ = {isa = PBXBuildFile; fileRef = 6CA5160827BCE56700B4E4D0 /* brand.json */; };
		6CA5160D27BCE56700B4E4D0 /* player.json in Resources */ = {isa = PBXBuildFile; fileRef = 6CA5160927BCE56700B4E4D0 /* player.json */; };
		6CA5160E27BCE56700B4E4D0 /* product.json in Resources */ = {isa = PBXBuildFile; fileRef = 6CA5160A27BCE56700B4E4D0 /* product.json */; };
		6CC4B8D128DC8C1A0093EEB5 /* TitleView.swift in Sources */ = {isa = PBXBuildFile; fileRef = 6CC4B8D028DC8C1A0093EEB5 /* TitleView.swift */; };
		6CC4B8D328DC8D750093EEB5 /* ProductModel.swift in Sources */ = {isa = PBXBuildFile; fileRef = 6CC4B8D228DC8D750093EEB5 /* ProductModel.swift */; };
		6CC4B8D528DC8F970093EEB5 /* ProductItemView.swift in Sources */ = {isa = PBXBuildFile; fileRef = 6CC4B8D428DC8F970093EEB5 /* ProductItemView.swift */; };
		6CC4B8D728DC95CA0093EEB5 /* BrandModel.swift in Sources */ = {isa = PBXBuildFile; fileRef = 6CC4B8D628DC95CA0093EEB5 /* BrandModel.swift */; };
		6CC4B8D928DC96350093EEB5 /* BrandItemView.swift in Sources */ = {isa = PBXBuildFile; fileRef = 6CC4B8D828DC96350093EEB5 /* BrandItemView.swift */; };
		6CC4B8DB28DC987F0093EEB5 /* BrandGridView.swift in Sources */ = {isa = PBXBuildFile; fileRef = 6CC4B8DA28DC987F0093EEB5 /* BrandGridView.swift */; };
		6CFC946F2827F6300031DEFE /* Constant.swift in Sources */ = {isa = PBXBuildFile; fileRef = 6CFC946E2827F6300031DEFE /* Constant.swift */; };
/* End PBXBuildFile section */

/* Begin PBXFileReference section */
		6C25B58C28D89DA100395FBB /* LogoView.swift */ = {isa = PBXFileReference; lastKnownFileType = sourcecode.swift; path = LogoView.swift; sourceTree = "<group>"; };
		6C25B58E28D8AB0B00395FBB /* PlayerModel.swift */ = {isa = PBXFileReference; lastKnownFileType = sourcecode.swift; path = PlayerModel.swift; sourceTree = "<group>"; };
		6C25B59028D8ABD000395FBB /* CodableBundleExtension.swift */ = {isa = PBXFileReference; lastKnownFileType = sourcecode.swift; path = CodableBundleExtension.swift; sourceTree = "<group>"; };
		6C25B59228D8AF8D00395FBB /* FeaturedItemView.swift */ = {isa = PBXFileReference; lastKnownFileType = sourcecode.swift; path = FeaturedItemView.swift; sourceTree = "<group>"; };
		6C25B59428D8B17800395FBB /* FeaturedTabView.swift */ = {isa = PBXFileReference; lastKnownFileType = sourcecode.swift; path = FeaturedTabView.swift; sourceTree = "<group>"; };
		6C602AC92833D4CC004AA17E /* FooterView.swift */ = {isa = PBXFileReference; lastKnownFileType = sourcecode.swift; path = FooterView.swift; sourceTree = "<group>"; };
		6C602ACB2833DD1A004AA17E /* NavigationBarView.swift */ = {isa = PBXFileReference; lastKnownFileType = sourcecode.swift; path = NavigationBarView.swift; sourceTree = "<group>"; };
		6C9DAA5B28DA079400930B84 /* CategoryModel.swift */ = {isa = PBXFileReference; lastKnownFileType = sourcecode.swift; path = CategoryModel.swift; sourceTree = "<group>"; };
		6C9DAA5D28DA097D00930B84 /* CategoryItemView.swift */ = {isa = PBXFileReference; lastKnownFileType = sourcecode.swift; path = CategoryItemView.swift; sourceTree = "<group>"; };
		6C9DAA5F28DA0D1000930B84 /* CategoryGridView.swift */ = {isa = PBXFileReference; lastKnownFileType = sourcecode.swift; path = CategoryGridView.swift; sourceTree = "<group>"; };
		6C9DAA6128DA101C00930B84 /* SectionView.swift */ = {isa = PBXFileReference; lastKnownFileType = sourcecode.swift; path = SectionView.swift; sourceTree = "<group>"; };
		6CA515F627BCDF1B00B4E4D0 /* shopy.app */ = {isa = PBXFileReference; explicitFileType = wrapper.application; includeInIndex = 0; path = shopy.app; sourceTree = BUILT_PRODUCTS_DIR; };
		6CA515F927BCDF1B00B4E4D0 /* shopyApp.swift */ = {isa = PBXFileReference; lastKnownFileType = sourcecode.swift; path = shopyApp.swift; sourceTree = "<group>"; };
		6CA515FB27BCDF1B00B4E4D0 /* ContentView.swift */ = {isa = PBXFileReference; lastKnownFileType = sourcecode.swift; path = ContentView.swift; sourceTree = "<group>"; };
		6CA515FD27BCDF1C00B4E4D0 /* Assets.xcassets */ = {isa = PBXFileReference; lastKnownFileType = folder.assetcatalog; path = Assets.xcassets; sourceTree = "<group>"; };
		6CA5160027BCDF1C00B4E4D0 /* Preview Assets.xcassets */ = {isa = PBXFileReference; lastKnownFileType = folder.assetcatalog; path = "Preview Assets.xcassets"; sourceTree = "<group>"; };
		6CA5160727BCE56700B4E4D0 /* category.json */ = {isa = PBXFileReference; fileEncoding = 4; lastKnownFileType = text.json; path = category.json; sourceTree = "<group>"; };
		6CA5160827BCE56700B4E4D0 /* brand.json */ = {isa = PBXFileReference; fileEncoding = 4; lastKnownFileType = text.json; path = brand.json; sourceTree = "<group>"; };
		6CA5160927BCE56700B4E4D0 /* player.json */ = {isa = PBXFileReference; fileEncoding = 4; lastKnownFileType = text.json; path = player.json; sourceTree = "<group>"; };
		6CA5160A27BCE56700B4E4D0 /* product.json */ = {isa = PBXFileReference; fileEncoding = 4; lastKnownFileType = text.json; path = product.json; sourceTree = "<group>"; };
		6CC4B8D028DC8C1A0093EEB5 /* TitleView.swift */ = {isa = PBXFileReference; lastKnownFileType = sourcecode.swift; path = TitleView.swift; sourceTree = "<group>"; };
		6CC4B8D228DC8D750093EEB5 /* ProductModel.swift */ = {isa = PBXFileReference; lastKnownFileType = sourcecode.swift; path = ProductModel.swift; sourceTree = "<group>"; };
		6CC4B8D428DC8F970093EEB5 /* ProductItemView.swift */ = {isa = PBXFileReference; lastKnownFileType = sourcecode.swift; path = ProductItemView.swift; sourceTree = "<group>"; };
		6CC4B8D628DC95CA0093EEB5 /* BrandModel.swift */ = {isa = PBXFileReference; lastKnownFileType = sourcecode.swift; path = BrandModel.swift; sourceTree = "<group>"; };
		6CC4B8D828DC96350093EEB5 /* BrandItemView.swift */ = {isa = PBXFileReference; lastKnownFileType = sourcecode.swift; path = BrandItemView.swift; sourceTree = "<group>"; };
		6CC4B8DA28DC987F0093EEB5 /* BrandGridView.swift */ = {isa = PBXFileReference; lastKnownFileType = sourcecode.swift; path = BrandGridView.swift; sourceTree = "<group>"; };
		6CFC94642827F3E50031DEFE /* Info.plist */ = {isa = PBXFileReference; lastKnownFileType = text.plist; path = Info.plist; sourceTree = "<group>"; };
		6CFC946E2827F6300031DEFE /* Constant.swift */ = {isa = PBXFileReference; lastKnownFileType = sourcecode.swift; path = Constant.swift; sourceTree = "<group>"; };
/* End PBXFileReference section */

/* Begin PBXFrameworksBuildPhase section */
		6CA515F327BCDF1B00B4E4D0 /* Frameworks */ = {
			isa = PBXFrameworksBuildPhase;
			buildActionMask = 2147483647;
			files = (
			);
			runOnlyForDeploymentPostprocessing = 0;
		};
/* End PBXFrameworksBuildPhase section */

/* Begin PBXGroup section */
		6CA515ED27BCDF1B00B4E4D0 = {
			isa = PBXGroup;
			children = (
				6CA515F827BCDF1B00B4E4D0 /* shopy */,
				6CA515F727BCDF1B00B4E4D0 /* Products */,
			);
			sourceTree = "<group>";
		};
		6CA515F727BCDF1B00B4E4D0 /* Products */ = {
			isa = PBXGroup;
			children = (
				6CA515F627BCDF1B00B4E4D0 /* shopy.app */,
			);
			name = Products;
			sourceTree = "<group>";
		};
		6CA515F827BCDF1B00B4E4D0 /* shopy */ = {
			isa = PBXGroup;
			children = (
				6CFC94692827F5400031DEFE /* View */,
				6CFC94682827F5210031DEFE /* Utility */,
				6CFC94672827F5140031DEFE /* Extension */,
				6CFC94662827F5060031DEFE /* Model */,
				6CFC94642827F3E50031DEFE /* Info.plist */,
				6CA5160F27BCE56E00B4E4D0 /* Data */,
				6CFC94652827F4A90031DEFE /* App */,
				6CA515FD27BCDF1C00B4E4D0 /* Assets.xcassets */,
				6CA515FF27BCDF1C00B4E4D0 /* Preview Content */,
			);
			path = shopy;
			sourceTree = "<group>";
		};
		6CA515FF27BCDF1C00B4E4D0 /* Preview Content */ = {
			isa = PBXGroup;
			children = (
				6CA5160027BCDF1C00B4E4D0 /* Preview Assets.xcassets */,
			);
			path = "Preview Content";
			sourceTree = "<group>";
		};
		6CA5160F27BCE56E00B4E4D0 /* Data */ = {
			isa = PBXGroup;
			children = (
				6CA5160827BCE56700B4E4D0 /* brand.json */,
				6CA5160727BCE56700B4E4D0 /* category.json */,
				6CA5160927BCE56700B4E4D0 /* player.json */,
				6CA5160A27BCE56700B4E4D0 /* product.json */,
			);
			path = Data;
			sourceTree = "<group>";
		};
		6CFC94652827F4A90031DEFE /* App */ = {
			isa = PBXGroup;
			children = (
				6CA515F927BCDF1B00B4E4D0 /* shopyApp.swift */,
				6CA515FB27BCDF1B00B4E4D0 /* ContentView.swift */,
			);
			path = App;
			sourceTree = "<group>";
		};
		6CFC94662827F5060031DEFE /* Model */ = {
			isa = PBXGroup;
			children = (
				6C25B58E28D8AB0B00395FBB /* PlayerModel.swift */,
				6C9DAA5B28DA079400930B84 /* CategoryModel.swift */,
				6CC4B8D228DC8D750093EEB5 /* ProductModel.swift */,
				6CC4B8D628DC95CA0093EEB5 /* BrandModel.swift */,
			);
			path = Model;
			sourceTree = "<group>";
		};
		6CFC94672827F5140031DEFE /* Extension */ = {
			isa = PBXGroup;
			children = (
				6C25B59028D8ABD000395FBB /* CodableBundleExtension.swift */,
			);
			path = Extension;
			sourceTree = "<group>";
		};
		6CFC94682827F5210031DEFE /* Utility */ = {
			isa = PBXGroup;
			children = (
				6CFC946E2827F6300031DEFE /* Constant.swift */,
			);
			path = Utility;
			sourceTree = "<group>";
		};
		6CFC94692827F5400031DEFE /* View */ = {
			isa = PBXGroup;
			children = (
				6CFC946B2827F54E0031DEFE /* Home */,
				6CFC946A2827F5460031DEFE /* Detail */,
			);
			path = View;
			sourceTree = "<group>";
		};
		6CFC946A2827F5460031DEFE /* Detail */ = {
			isa = PBXGroup;
			children = (
			);
			path = Detail;
			sourceTree = "<group>";
		};
		6CFC946B2827F54E0031DEFE /* Home */ = {
			isa = PBXGroup;
			children = (
				6C602AC92833D4CC004AA17E /* FooterView.swift */,
				6C602ACB2833DD1A004AA17E /* NavigationBarView.swift */,
				6C25B58C28D89DA100395FBB /* LogoView.swift */,
				6C25B59228D8AF8D00395FBB /* FeaturedItemView.swift */,
				6C25B59428D8B17800395FBB /* FeaturedTabView.swift */,
				6C9DAA5D28DA097D00930B84 /* CategoryItemView.swift */,
				6C9DAA5F28DA0D1000930B84 /* CategoryGridView.swift */,
				6C9DAA6128DA101C00930B84 /* SectionView.swift */,
				6CC4B8D028DC8C1A0093EEB5 /* TitleView.swift */,
				6CC4B8D428DC8F970093EEB5 /* ProductItemView.swift */,
				6CC4B8D828DC96350093EEB5 /* BrandItemView.swift */,
				6CC4B8DA28DC987F0093EEB5 /* BrandGridView.swift */,
			);
			path = Home;
			sourceTree = "<group>";
		};
/* End PBXGroup section */

/* Begin PBXNativeTarget section */
		6CA515F527BCDF1B00B4E4D0 /* shopy */ = {
			isa = PBXNativeTarget;
			buildConfigurationList = 6CA5160427BCDF1C00B4E4D0 /* Build configuration list for PBXNativeTarget "shopy" */;
			buildPhases = (
				6CA515F227BCDF1B00B4E4D0 /* Sources */,
				6CA515F327BCDF1B00B4E4D0 /* Frameworks */,
				6CA515F427BCDF1B00B4E4D0 /* Resources */,
			);
			buildRules = (
			);
			dependencies = (
			);
			name = shopy;
			productName = shopy;
			productReference = 6CA515F627BCDF1B00B4E4D0 /* shopy.app */;
			productType = "com.apple.product-type.application";
		};
/* End PBXNativeTarget section */

/* Begin PBXProject section */
		6CA515EE27BCDF1B00B4E4D0 /* Project object */ = {
			isa = PBXProject;
			attributes = {
				BuildIndependentTargetsInParallel = 1;
				LastSwiftUpdateCheck = 1320;
				LastUpgradeCheck = 1320;
				TargetAttributes = {
					6CA515F527BCDF1B00B4E4D0 = {
						CreatedOnToolsVersion = 13.2.1;
					};
				};
			};
			buildConfigurationList = 6CA515F127BCDF1B00B4E4D0 /* Build configuration list for PBXProject "shopy" */;
			compatibilityVersion = "Xcode 13.0";
			developmentRegion = en;
			hasScannedForEncodings = 0;
			knownRegions = (
				en,
				Base,
			);
			mainGroup = 6CA515ED27BCDF1B00B4E4D0;
			productRefGroup = 6CA515F727BCDF1B00B4E4D0 /* Products */;
			projectDirPath = "";
			projectRoot = "";
			targets = (
				6CA515F527BCDF1B00B4E4D0 /* shopy */,
			);
		};
/* End PBXProject section */

/* Begin PBXResourcesBuildPhase section */
		6CA515F427BCDF1B00B4E4D0 /* Resources */ = {
			isa = PBXResourcesBuildPhase;
			buildActionMask = 2147483647;
			files = (
				6CA5160D27BCE56700B4E4D0 /* player.json in Resources */,
				6CA5160B27BCE56700B4E4D0 /* category.json in Resources */,
				6CA5160C27BCE56700B4E4D0 /* brand.json in Resources */,
				6CA5160127BCDF1C00B4E4D0 /* Preview Assets.xcassets in Resources */,
				6CA515FE27BCDF1C00B4E4D0 /* Assets.xcassets in Resources */,
				6CA5160E27BCE56700B4E4D0 /* product.json in Resources */,
			);
			runOnlyForDeploymentPostprocessing = 0;
		};
/* End PBXResourcesBuildPhase section */

/* Begin PBXSourcesBuildPhase section */
		6CA515F227BCDF1B00B4E4D0 /* Sources */ = {
			isa = PBXSourcesBuildPhase;
			buildActionMask = 2147483647;
			files = (
				6C25B59128D8ABD000395FBB /* CodableBundleExtension.swift in Sources */,
				6CA515FC27BCDF1B00B4E4D0 /* ContentView.swift in Sources */,
				6C25B58D28D89DA100395FBB /* LogoView.swift in Sources */,
				6C602ACA2833D4CC004AA17E /* FooterView.swift in Sources */,
				6C25B59328D8AF8D00395FBB /* FeaturedItemView.swift in Sources */,
				6CC4B8D528DC8F970093EEB5 /* ProductItemView.swift in Sources */,
				6CC4B8DB28DC987F0093EEB5 /* BrandGridView.swift in Sources */,
				6CA515FA27BCDF1B00B4E4D0 /* shopyApp.swift in Sources */,
				6CFC946F2827F6300031DEFE /* Constant.swift in Sources */,
				6C9DAA6028DA0D1000930B84 /* CategoryGridView.swift in Sources */,
				6C9DAA5C28DA079400930B84 /* CategoryModel.swift in Sources */,
				6C602ACC2833DD1A004AA17E /* NavigationBarView.swift in Sources */,
				6C9DAA6228DA101C00930B84 /* SectionView.swift in Sources */,
				6CC4B8D928DC96350093EEB5 /* BrandItemView.swift in Sources */,
				6C9DAA5E28DA097D00930B84 /* CategoryItemView.swift in Sources */,
				6C25B59528D8B17800395FBB /* FeaturedTabView.swift in Sources */,
				6C25B58F28D8AB0B00395FBB /* PlayerModel.swift in Sources */,
				6CC4B8D728DC95CA0093EEB5 /* BrandModel.swift in Sources */,
				6CC4B8D128DC8C1A0093EEB5 /* TitleView.swift in Sources */,
				6CC4B8D328DC8D750093EEB5 /* ProductModel.swift in Sources */,
			);
			runOnlyForDeploymentPostprocessing = 0;
		};
/* End PBXSourcesBuildPhase section */

/* Begin XCBuildConfiguration section */
		6CA5160227BCDF1C00B4E4D0 /* Debug */ = {
			isa = XCBuildConfiguration;
			buildSettings = {
				ALWAYS_SEARCH_USER_PATHS = NO;
				CLANG_ANALYZER_NONNULL = YES;
				CLANG_ANALYZER_NUMBER_OBJECT_CONVERSION = YES_AGGRESSIVE;
				CLANG_CXX_LANGUAGE_STANDARD = "gnu++17";
				CLANG_CXX_LIBRARY = "libc++";
				CLANG_ENABLE_MODULES = YES;
				CLANG_ENABLE_OBJC_ARC = YES;
				CLANG_ENABLE_OBJC_WEAK = YES;
				CLANG_WARN_BLOCK_CAPTURE_AUTORELEASING = YES;
				CLANG_WARN_BOOL_CONVERSION = YES;
				CLANG_WARN_COMMA = YES;
				CLANG_WARN_CONSTANT_CONVERSION = YES;
				CLANG_WARN_DEPRECATED_OBJC_IMPLEMENTATIONS = YES;
				CLANG_WARN_DIRECT_OBJC_ISA_USAGE = YES_ERROR;
				CLANG_WARN_DOCUMENTATION_COMMENTS = YES;
				CLANG_WARN_EMPTY_BODY = YES;
				CLANG_WARN_ENUM_CONVERSION = YES;
				CLANG_WARN_INFINITE_RECURSION = YES;
				CLANG_WARN_INT_CONVERSION = YES;
				CLANG_WARN_NON_LITERAL_NULL_CONVERSION = YES;
				CLANG_WARN_OBJC_IMPLICIT_RETAIN_SELF = YES;
				CLANG_WARN_OBJC_LITERAL_CONVERSION = YES;
				CLANG_WARN_OBJC_ROOT_CLASS = YES_ERROR;
				CLANG_WARN_QUOTED_INCLUDE_IN_FRAMEWORK_HEADER = YES;
				CLANG_WARN_RANGE_LOOP_ANALYSIS = YES;
				CLANG_WARN_STRICT_PROTOTYPES = YES;
				CLANG_WARN_SUSPICIOUS_MOVE = YES;
				CLANG_WARN_UNGUARDED_AVAILABILITY = YES_AGGRESSIVE;
				CLANG_WARN_UNREACHABLE_CODE = YES;
				CLANG_WARN__DUPLICATE_METHOD_MATCH = YES;
				COPY_PHASE_STRIP = NO;
				DEBUG_INFORMATION_FORMAT = dwarf;
				ENABLE_STRICT_OBJC_MSGSEND = YES;
				ENABLE_TESTABILITY = YES;
				GCC_C_LANGUAGE_STANDARD = gnu11;
				GCC_DYNAMIC_NO_PIC = NO;
				GCC_NO_COMMON_BLOCKS = YES;
				GCC_OPTIMIZATION_LEVEL = 0;
				GCC_PREPROCESSOR_DEFINITIONS = (
					"DEBUG=1",
					"$(inherited)",
				);
				GCC_WARN_64_TO_32_BIT_CONVERSION = YES;
				GCC_WARN_ABOUT_RETURN_TYPE = YES_ERROR;
				GCC_WARN_UNDECLARED_SELECTOR = YES;
				GCC_WARN_UNINITIALIZED_AUTOS = YES_AGGRESSIVE;
				GCC_WARN_UNUSED_FUNCTION = YES;
				GCC_WARN_UNUSED_VARIABLE = YES;
				IPHONEOS_DEPLOYMENT_TARGET = 15.2;
				MTL_ENABLE_DEBUG_INFO = INCLUDE_SOURCE;
				MTL_FAST_MATH = YES;
				ONLY_ACTIVE_ARCH = YES;
				SDKROOT = iphoneos;
				SWIFT_ACTIVE_COMPILATION_CONDITIONS = DEBUG;
				SWIFT_OPTIMIZATION_LEVEL = "-Onone";
			};
			name = Debug;
		};
		6CA5160327BCDF1C00B4E4D0 /* Release */ = {
			isa = XCBuildConfiguration;
			buildSettings = {
				ALWAYS_SEARCH_USER_PATHS = NO;
				CLANG_ANALYZER_NONNULL = YES;
				CLANG_ANALYZER_NUMBER_OBJECT_CONVERSION = YES_AGGRESSIVE;
				CLANG_CXX_LANGUAGE_STANDARD = "gnu++17";
				CLANG_CXX_LIBRARY = "libc++";
				CLANG_ENABLE_MODULES = YES;
				CLANG_ENABLE_OBJC_ARC = YES;
				CLANG_ENABLE_OBJC_WEAK = YES;
				CLANG_WARN_BLOCK_CAPTURE_AUTORELEASING = YES;
				CLANG_WARN_BOOL_CONVERSION = YES;
				CLANG_WARN_COMMA = YES;
				CLANG_WARN_CONSTANT_CONVERSION = YES;
				CLANG_WARN_DEPRECATED_OBJC_IMPLEMENTATIONS = YES;
				CLANG_WARN_DIRECT_OBJC_ISA_USAGE = YES_ERROR;
				CLANG_WARN_DOCUMENTATION_COMMENTS = YES;
				CLANG_WARN_EMPTY_BODY = YES;
				CLANG_WARN_ENUM_CONVERSION = YES;
				CLANG_WARN_INFINITE_RECURSION = YES;
				CLANG_WARN_INT_CONVERSION = YES;
				CLANG_WARN_NON_LITERAL_NULL_CONVERSION = YES;
				CLANG_WARN_OBJC_IMPLICIT_RETAIN_SELF = YES;
				CLANG_WARN_OBJC_LITERAL_CONVERSION = YES;
				CLANG_WARN_OBJC_ROOT_CLASS = YES_ERROR;
				CLANG_WARN_QUOTED_INCLUDE_IN_FRAMEWORK_HEADER = YES;
				CLANG_WARN_RANGE_LOOP_ANALYSIS = YES;
				CLANG_WARN_STRICT_PROTOTYPES = YES;
				CLANG_WARN_SUSPICIOUS_MOVE = YES;
				CLANG_WARN_UNGUARDED_AVAILABILITY = YES_AGGRESSIVE;
				CLANG_WARN_UNREACHABLE_CODE = YES;
				CLANG_WARN__DUPLICATE_METHOD_MATCH = YES;
				COPY_PHASE_STRIP = NO;
				DEBUG_INFORMATION_FORMAT = "dwarf-with-dsym";
				ENABLE_NS_ASSERTIONS = NO;
				ENABLE_STRICT_OBJC_MSGSEND = YES;
				GCC_C_LANGUAGE_STANDARD = gnu11;
				GCC_NO_COMMON_BLOCKS = YES;
				GCC_WARN_64_TO_32_BIT_CONVERSION = YES;
				GCC_WARN_ABOUT_RETURN_TYPE = YES_ERROR;
				GCC_WARN_UNDECLARED_SELECTOR = YES;
				GCC_WARN_UNINITIALIZED_AUTOS = YES_AGGRESSIVE;
				GCC_WARN_UNUSED_FUNCTION = YES;
				GCC_WARN_UNUSED_VARIABLE = YES;
				IPHONEOS_DEPLOYMENT_TARGET = 15.2;
				MTL_ENABLE_DEBUG_INFO = NO;
				MTL_FAST_MATH = YES;
				SDKROOT = iphoneos;
				SWIFT_COMPILATION_MODE = wholemodule;
				SWIFT_OPTIMIZATION_LEVEL = "-O";
				VALIDATE_PRODUCT = YES;
			};
			name = Release;
		};
		6CA5160527BCDF1C00B4E4D0 /* Debug */ = {
			isa = XCBuildConfiguration;
			buildSettings = {
				ASSETCATALOG_COMPILER_APPICON_NAME = AppIcon;
				ASSETCATALOG_COMPILER_GLOBAL_ACCENT_COLOR_NAME = AccentColor;
				CODE_SIGN_STYLE = Automatic;
				CURRENT_PROJECT_VERSION = 1;
				DEVELOPMENT_ASSET_PATHS = "\"shopy/Preview Content\"";
				ENABLE_PREVIEWS = YES;
				GENERATE_INFOPLIST_FILE = YES;
				INFOPLIST_FILE = shopy/Info.plist;
				INFOPLIST_KEY_UIApplicationSceneManifest_Generation = YES;
				INFOPLIST_KEY_UIApplicationSupportsIndirectInputEvents = YES;
				INFOPLIST_KEY_UISupportedInterfaceOrientations = UIInterfaceOrientationPortrait;
				INFOPLIST_KEY_UISupportedInterfaceOrientations_iPad = "UIInterfaceOrientationPortrait UIInterfaceOrientationPortraitUpsideDown UIInterfaceOrientationLandscapeLeft UIInterfaceOrientationLandscapeRight";
				INFOPLIST_KEY_UISupportedInterfaceOrientations_iPhone = "UIInterfaceOrientationPortrait UIInterfaceOrientationLandscapeLeft UIInterfaceOrientationLandscapeRight";
				LD_RUNPATH_SEARCH_PATHS = (
					"$(inherited)",
					"@executable_path/Frameworks",
				);
				MARKETING_VERSION = 1.0;
				PRODUCT_BUNDLE_IDENTIFIER = com.hendzcode.shopy.shopy;
				PRODUCT_NAME = "$(TARGET_NAME)";
				SWIFT_EMIT_LOC_STRINGS = YES;
				SWIFT_VERSION = 5.0;
				TARGETED_DEVICE_FAMILY = "1,2";
			};
			name = Debug;
		};
		6CA5160627BCDF1C00B4E4D0 /* Release */ = {
			isa = XCBuildConfiguration;
			buildSettings = {
				ASSETCATALOG_COMPILER_APPICON_NAME = AppIcon;
				ASSETCATALOG_COMPILER_GLOBAL_ACCENT_COLOR_NAME = AccentColor;
				CODE_SIGN_STYLE = Automatic;
				CURRENT_PROJECT_VERSION = 1;
				DEVELOPMENT_ASSET_PATHS = "\"shopy/Preview Content\"";
				ENABLE_PREVIEWS = YES;
				GENERATE_INFOPLIST_FILE = YES;
				INFOPLIST_FILE = shopy/Info.plist;
				INFOPLIST_KEY_UIApplicationSceneManifest_Generation = YES;
				INFOPLIST_KEY_UIApplicationSupportsIndirectInputEvents = YES;
				INFOPLIST_KEY_UISupportedInterfaceOrientations = UIInterfaceOrientationPortrait;
				INFOPLIST_KEY_UISupportedInterfaceOrientations_iPad = "UIInterfaceOrientationPortrait UIInterfaceOrientationPortraitUpsideDown UIInterfaceOrientationLandscapeLeft UIInterfaceOrientationLandscapeRight";
				INFOPLIST_KEY_UISupportedInterfaceOrientations_iPhone = "UIInterfaceOrientationPortrait UIInterfaceOrientationLandscapeLeft UIInterfaceOrientationLandscapeRight";
				LD_RUNPATH_SEARCH_PATHS = (
					"$(inherited)",
					"@executable_path/Frameworks",
				);
				MARKETING_VERSION = 1.0;
				PRODUCT_BUNDLE_IDENTIFIER = com.hendzcode.shopy.shopy;
				PRODUCT_NAME = "$(TARGET_NAME)";
				SWIFT_EMIT_LOC_STRINGS = YES;
				SWIFT_VERSION = 5.0;
				TARGETED_DEVICE_FAMILY = "1,2";
			};
			name = Release;
		};
/* End XCBuildConfiguration section */

/* Begin XCConfigurationList section */
		6CA515F127BCDF1B00B4E4D0 /* Build configuration list for PBXProject "shopy" */ = {
			isa = XCConfigurationList;
			buildConfigurations = (
				6CA5160227BCDF1C00B4E4D0 /* Debug */,
				6CA5160327BCDF1C00B4E4D0 /* Release */,
			);
			defaultConfigurationIsVisible = 0;
			defaultConfigurationName = Release;
		};
		6CA5160427BCDF1C00B4E4D0 /* Build configuration list for PBXNativeTarget "shopy" */ = {
			isa = XCConfigurationList;
			buildConfigurations = (
				6CA5160527BCDF1C00B4E4D0 /* Debug */,
				6CA5160627BCDF1C00B4E4D0 /* Release */,
			);
			defaultConfigurationIsVisible = 0;
			defaultConfigurationName = Release;
		};
/* End XCConfigurationList section */
	};
	rootObject = 6CA515EE27BCDF1B00B4E4D0 /* Project object */;
}
